
Microsoft Visual Studio Solution File, Format Version 12.00
# Visual Studio Version 16
VisualStudioVersion = 16.0.29709.97
MinimumVisualStudioVersion = 10.0.40219.1
Project("{FAE04EC0-301F-11D3-BF4B-00C04F79EFBC}") = "WebSession", "WebSession\WebSession.csproj", "{FDA0146D-E71E-4C33-A142-51C83D49F11A}"
EndProject
Project("{FAE04EC0-301F-11D3-BF4B-00C04F79EFBC}") = "ASPPersonne", "..\ASPPersonne\ASPPersonne\ASPPersonne.csproj", "{A3B93120-8AA8-43BE-B19D-17C53FB358D7}"
EndProject
Global
	GlobalSection(SolutionConfigurationPlatforms) = preSolution
		Debug|Any CPU = Debug|Any CPU
		Release|Any CPU = Release|Any CPU
	EndGlobalSection
	GlobalSection(ProjectConfigurationPlatforms) = postSolution
		{FDA0146D-E71E-4C33-A142-51C83D49F11A}.Debug|Any CPU.ActiveCfg = Debug|Any CPU
		{FDA0146D-E71E-4C33-A142-51C83D49F11A}.Debug|Any CPU.Build.0 = Debug|Any CPU
		{FDA0146D-E71E-4C33-A142-51C83D49F11A}.Release|Any CPU.ActiveCfg = Release|Any CPU
		{FDA0146D-E71E-4C33-A142-51C83D49F11A}.Release|Any CPU.Build.0 = Release|Any CPU
		{A3B93120-8AA8-43BE-B19D-17C53FB358D7}.Debug|Any CPU.ActiveCfg = Debug|Any CPU
		{A3B93120-8AA8-43BE-B19D-17C53FB358D7}.Debug|Any CPU.Build.0 = Debug|Any CPU
		{A3B93120-8AA8-43BE-B19D-17C53FB358D7}.Release|Any CPU.ActiveCfg = Release|Any CPU
		{A3B93120-8AA8-43BE-B19D-17C53FB358D7}.Release|Any CPU.Build.0 = Release|Any CPU
	EndGlobalSection
	GlobalSection(SolutionProperties) = preSolution
		HideSolutionNode = FALSE
	EndGlobalSection
	GlobalSection(ExtensibilityGlobals) = postSolution
		SolutionGuid = {F9CC447D-6C28-46E7-B490-526A52DF6655}
	EndGlobalSection
EndGlobal
